
Microsoft Visual Studio Solution File, Format Version 12.00
# Visual Studio Version 16
VisualStudioVersion = 16.0.29102.190
MinimumVisualStudioVersion = 10.0.40219.1
Project("{FAE04EC0-301F-11D3-BF4B-00C04F79EFBC}") = "AirBnB", "AirBnB\AirBnB.csproj", "{AA0592B2-14BD-48E3-B2B4-47A59E6F1EA3}"
EndProject
Global
	GlobalSection(SolutionConfigurationPlatforms) = preSolution
		Debug|Any CPU = Debug|Any CPU
		Release|Any CPU = Release|Any CPU
	EndGlobalSection
	GlobalSection(ProjectConfigurationPlatforms) = postSolution
		{AA0592B2-14BD-48E3-B2B4-47A59E6F1EA3}.Debug|Any CPU.ActiveCfg = Debug|Any CPU
		{AA0592B2-14BD-48E3-B2B4-47A59E6F1EA3}.Debug|Any CPU.Build.0 = Debug|Any CPU
		{AA0592B2-14BD-48E3-B2B4-47A59E6F1EA3}.Release|Any CPU.ActiveCfg = Release|Any CPU
		{AA0592B2-14BD-48E3-B2B4-47A59E6F1EA3}.Release|Any CPU.Build.0 = Release|Any CPU
	EndGlobalSection
	GlobalSection(SolutionProperties) = preSolution
		HideSolutionNode = FALSE
	EndGlobalSection
	GlobalSection(ExtensibilityGlobals) = postSolution
		SolutionGuid = {B0D64960-5479-4B52-8337-23015197C202}
	EndGlobalSection
EndGlobal
